{
  "name": "flowfile-wasm",
  "version": "0.1.0",
  "lockfileVersion": 3,
  "requires": true,
  "packages": {
    "": {
      "name": "flowfile-wasm",
      "version": "0.1.0",
      "dependencies": {
        "nodejs-polars": "^0.15.0"
      },
      "devDependencies": {
        "@types/node": "^20.0.0",
        "typescript": "^5.3.0"
      },
      "engines": {
        "node": ">=18.0.0"
      }
    },
    "node_modules/@types/node": {
      "version": "20.19.28",
      "resolved": "https://registry.npmjs.org/@types/node/-/node-20.19.28.tgz",
      "integrity": "sha512-VyKBr25BuFDzBFCK5sUM6ZXiWfqgCTwTAOK8qzGV/m9FCirXYDlmczJ+d5dXBAQALGCdRRdbteKYfJ84NGEusw==",
      "dev": true,
      "license": "MIT",
      "dependencies": {
        "undici-types": "~6.21.0"
      }
    },
    "node_modules/nodejs-polars": {
      "version": "0.15.0",
      "resolved": "https://registry.npmjs.org/nodejs-polars/-/nodejs-polars-0.15.0.tgz",
      "integrity": "sha512-qlwPGxR3Jh/N1IMXWgQP1JAHDSXTFg7b3iE7Jiw3sX6wnOnPcDCcPXmcT3KB2uH5vGBrK3W+xQQPqL9YePrvMQ==",
      "license": "MIT",
      "workspaces": [
        "benches"
      ],
      "engines": {
        "node": ">= 18"
      },
      "optionalDependencies": {
        "nodejs-polars-android-arm64": "0.15.0",
        "nodejs-polars-darwin-arm64": "0.15.0",
        "nodejs-polars-darwin-x64": "0.15.0",
        "nodejs-polars-linux-arm64-gnu": "0.15.0",
        "nodejs-polars-linux-arm64-musl": "0.15.0",
        "nodejs-polars-linux-x64-gnu": "0.15.0",
        "nodejs-polars-linux-x64-musl": "0.15.0",
        "nodejs-polars-win32-x64-msvc": "0.15.0"
      }
    },
    "node_modules/nodejs-polars-android-arm64": {
      "version": "0.15.0",
      "resolved": "https://registry.npmjs.org/nodejs-polars-android-arm64/-/nodejs-polars-android-arm64-0.15.0.tgz",
      "integrity": "sha512-sIuAVgM3SjNxQ0njaN/jF5+WuUKdlZiTY1W3s8OB65D3AEphZVmIfy+uM+dShTrLOxvRkaFLDTy2dB/T60ISbA==",
      "cpu": [
        "arm64"
      ],
      "license": "SEE LICENSE IN LICENSE",
      "optional": true,
      "os": [
        "android"
      ],
      "engines": {
        "node": ">= 16"
      }
    },
    "node_modules/nodejs-polars-darwin-arm64": {
      "version": "0.15.0",
      "resolved": "https://registry.npmjs.org/nodejs-polars-darwin-arm64/-/nodejs-polars-darwin-arm64-0.15.0.tgz",
      "integrity": "sha512-/Gm6nLg/0mzbgFZqH18UwNxGXFnZrfYst6HLbG+tDhUNfNAOVVUr/hDzYXm6me0h4CsL3LrN//6L5Jn0stxseA==",
      "cpu": [
        "arm64"
      ],
      "license": "SEE LICENSE IN LICENSE",
      "optional": true,
      "os": [
        "darwin"
      ],
      "engines": {
        "node": ">= 16"
      }
    },
    "node_modules/nodejs-polars-darwin-x64": {
      "version": "0.15.0",
      "resolved": "https://registry.npmjs.org/nodejs-polars-darwin-x64/-/nodejs-polars-darwin-x64-0.15.0.tgz",
      "integrity": "sha512-bkij++fSLUsblvxPiGUNLUbpbuPWsneJzKM9iqCB2CaTBvNWZ/Qzocqm7biwoyHFw3w1IonH2CnvhNYgjxRSsg==",
      "cpu": [
        "x64"
      ],
      "license": "SEE LICENSE IN LICENSE",
      "optional": true,
      "os": [
        "darwin"
      ],
      "engines": {
        "node": ">= 16"
      }
    },
    "node_modules/nodejs-polars-linux-arm64-gnu": {
      "version": "0.15.0",
      "resolved": "https://registry.npmjs.org/nodejs-polars-linux-arm64-gnu/-/nodejs-polars-linux-arm64-gnu-0.15.0.tgz",
      "integrity": "sha512-DOZpaFd9kL8F+ZM8751Jg2fyF3h3+Rb0NDYSatlDApZA6J1KzEnM9ZECiuBwMhq42D2Ii4IdSylg202mfVvWZA==",
      "cpu": [
        "arm64"
      ],
      "license": "SEE LICENSE IN LICENSE",
      "optional": true,
      "os": [
        "linux"
      ],
      "engines": {
        "node": ">= 16"
      }
    },
    "node_modules/nodejs-polars-linux-arm64-musl": {
      "version": "0.15.0",
      "resolved": "https://registry.npmjs.org/nodejs-polars-linux-arm64-musl/-/nodejs-polars-linux-arm64-musl-0.15.0.tgz",
      "integrity": "sha512-fg/2Wo1rCH53kk260iJvqdxTSW9q++Zh3Q6Vu7q4RX2AAr4nS08yMO90JHbnhsYeeunnzzvhC8K/fjEOBsDpsA==",
      "cpu": [
        "arm64"
      ],
      "license": "SEE LICENSE IN LICENSE",
      "optional": true,
      "os": [
        "linux"
      ],
      "engines": {
        "node": ">= 16"
      }
    },
    "node_modules/nodejs-polars-linux-x64-gnu": {
      "version": "0.15.0",
      "resolved": "https://registry.npmjs.org/nodejs-polars-linux-x64-gnu/-/nodejs-polars-linux-x64-gnu-0.15.0.tgz",
      "integrity": "sha512-FF0VyJAZoqpthHoCOnCVN5dYHEXimvi06dpjNHifsFBEAS1tI6GMBDT1JAM0HKlpKtPrqJwH1Tbsr58EXqia/w==",
      "cpu": [
        "x64"
      ],
      "license": "SEE LICENSE IN LICENSE",
      "optional": true,
      "os": [
        "linux"
      ],
      "engines": {
        "node": ">= 16"
      }
    },
    "node_modules/nodejs-polars-linux-x64-musl": {
      "version": "0.15.0",
      "resolved": "https://registry.npmjs.org/nodejs-polars-linux-x64-musl/-/nodejs-polars-linux-x64-musl-0.15.0.tgz",
      "integrity": "sha512-rjCNTzK+g+JHNBbT6pzfEoZyyCPkMEo8kcCp3M//rwPLAQijvKt8JfyoP7k2ovsOZHHKw28OZ3Sw308ufX+b/A==",
      "cpu": [
        "x64"
      ],
      "license": "SEE LICENSE IN LICENSE",
      "optional": true,
      "os": [
        "linux"
      ],
      "engines": {
        "node": ">= 16"
      }
    },
    "node_modules/nodejs-polars-win32-x64-msvc": {
      "version": "0.15.0",
      "resolved": "https://registry.npmjs.org/nodejs-polars-win32-x64-msvc/-/nodejs-polars-win32-x64-msvc-0.15.0.tgz",
      "integrity": "sha512-N9Sxke9tqb0BGe/iSleKLbgdF3V6lrcytmLP0x+8SGAkXQT/opj1Ubd41bi0o4Put9yIp+veWiG+hcnhG16S3Q==",
      "cpu": [
        "x64"
      ],
      "license": "SEE LICENSE IN LICENSE",
      "optional": true,
      "os": [
        "win32"
      ],
      "engines": {
        "node": ">= 16"
      }
    },
    "node_modules/typescript": {
      "version": "5.9.3",
      "resolved": "https://registry.npmjs.org/typescript/-/typescript-5.9.3.tgz",
      "integrity": "sha512-jl1vZzPDinLr9eUt3J/t7V6FgNEw9QjvBPdysz9KfQDD41fQrC2Y4vKQdiaUpFT4bXlb1RHhLpp8wtm6M5TgSw==",
      "dev": true,
      "license": "Apache-2.0",
      "bin": {
        "tsc": "bin/tsc",
        "tsserver": "bin/tsserver"
      },
      "engines": {
        "node": ">=14.17"
      }
    },
    "node_modules/undici-types": {
      "version": "6.21.0",
      "resolved": "https://registry.npmjs.org/undici-types/-/undici-types-6.21.0.tgz",
      "integrity": "sha512-iwDZqg0QAGrg9Rav5H4n0M64c3mkR59cJ6wQp+7C4nI0gsmExaedaYLNO44eT4AtBBwjbTiGPMlt2Md0T9H9JQ==",
      "dev": true,
      "license": "MIT"
    }
  }
}
